
Microsoft Visual Studio Solution File, Format Version 12.00
# Visual Studio Version 17
VisualStudioVersion = 17.14.36518.9
MinimumVisualStudioVersion = 10.0.40219.1
Project("{8BC9CEB8-8B4A-11D0-8D11-00A0C91BC942}") = "Task1", "Lesson2\Lesson2.vcxproj", "{92EC3AD0-635F-440F-B20C-54E351CD65AB}"
EndProject
Project("{8BC9CEB8-8B4A-11D0-8D11-00A0C91BC942}") = "Task2", "Task2\Task2.vcxproj", "{2A675BC3-AD91-4897-99B8-BFB90BE3B4BA}"
EndProject
Project("{8BC9CEB8-8B4A-11D0-8D11-00A0C91BC942}") = "Task3", "Task3\Task3.vcxproj", "{614B2ADF-F9AF-4E2D-BE21-0993491070D2}"
EndProject
Project("{8BC9CEB8-8B4A-11D0-8D11-00A0C91BC942}") = "Task4", "Task4\Task4.vcxproj", "{0DCB2242-FE09-465F-98CE-E79409772D08}"
EndProject
Project("{8BC9CEB8-8B4A-11D0-8D11-00A0C91BC942}") = "Task5", "Task5\Task5.vcxproj", "{EBC28994-FCF7-4305-BDE3-65ED7B20C7D6}"
EndProject
Project("{8BC9CEB8-8B4A-11D0-8D11-00A0C91BC942}") = "Task6", "Task6\Task6.vcxproj", "{3C3D74DB-8930-421C-93FE-A85EE9E17358}"
EndProject
Project("{8BC9CEB8-8B4A-11D0-8D11-00A0C91BC942}") = "Task7", "Task7\Task7.vcxproj", "{C0684D2B-99A1-4D90-8F76-4DA64D557FCF}"
EndProject
Project("{8BC9CEB8-8B4A-11D0-8D11-00A0C91BC942}") = "Task8", "Task8\Task8.vcxproj", "{EB50666A-5819-4CC5-B913-3999F307B14F}"
EndProject
Project("{8BC9CEB8-8B4A-11D0-8D11-00A0C91BC942}") = "Task9", "Task9\Task9.vcxproj", "{8055FB72-CA46-48EF-8BF7-81EDACE60E11}"
EndProject
Project("{8BC9CEB8-8B4A-11D0-8D11-00A0C91BC942}") = "Task10", "Task10\Task10.vcxproj", "{B74CE90E-31BF-4733-8E1D-C2DFDC626E22}"
EndProject
Global
	GlobalSection(SolutionConfigurationPlatforms) = preSolution
		Debug|x64 = Debug|x64
		Debug|x86 = Debug|x86
		Release|x64 = Release|x64
		Release|x86 = Release|x86
	EndGlobalSection
	GlobalSection(ProjectConfigurationPlatforms) = postSolution
		{92EC3AD0-635F-440F-B20C-54E351CD65AB}.Debug|x64.ActiveCfg = Debug|x64
		{92EC3AD0-635F-440F-B20C-54E351CD65AB}.Debug|x64.Build.0 = Debug|x64
		{92EC3AD0-635F-440F-B20C-54E351CD65AB}.Debug|x86.ActiveCfg = Debug|Win32
		{92EC3AD0-635F-440F-B20C-54E351CD65AB}.Debug|x86.Build.0 = Debug|Win32
		{92EC3AD0-635F-440F-B20C-54E351CD65AB}.Release|x64.ActiveCfg = Release|x64
		{92EC3AD0-635F-440F-B20C-54E351CD65AB}.Release|x64.Build.0 = Release|x64
		{92EC3AD0-635F-440F-B20C-54E351CD65AB}.Release|x86.ActiveCfg = Release|Win32
		{92EC3AD0-635F-440F-B20C-54E351CD65AB}.Release|x86.Build.0 = Release|Win32
		{2A675BC3-AD91-4897-99B8-BFB90BE3B4BA}.Debug|x64.ActiveCfg = Debug|x64
		{2A675BC3-AD91-4897-99B8-BFB90BE3B4BA}.Debug|x64.Build.0 = Debug|x64
		{2A675BC3-AD91-4897-99B8-BFB90BE3B4BA}.Debug|x86.ActiveCfg = Debug|Win32
		{2A675BC3-AD91-4897-99B8-BFB90BE3B4BA}.Debug|x86.Build.0 = Debug|Win32
		{2A675BC3-AD91-4897-99B8-BFB90BE3B4BA}.Release|x64.ActiveCfg = Release|x64
		{2A675BC3-AD91-4897-99B8-BFB90BE3B4BA}.Release|x64.Build.0 = Release|x64
		{2A675BC3-AD91-4897-99B8-BFB90BE3B4BA}.Release|x86.ActiveCfg = Release|Win32
		{2A675BC3-AD91-4897-99B8-BFB90BE3B4BA}.Release|x86.Build.0 = Release|Win32
		{614B2ADF-F9AF-4E2D-BE21-0993491070D2}.Debug|x64.ActiveCfg = Debug|x64
		{614B2ADF-F9AF-4E2D-BE21-0993491070D2}.Debug|x64.Build.0 = Debug|x64
		{614B2ADF-F9AF-4E2D-BE21-0993491070D2}.Debug|x86.ActiveCfg = Debug|Win32
		{614B2ADF-F9AF-4E2D-BE21-0993491070D2}.Debug|x86.Build.0 = Debug|Win32
		{614B2ADF-F9AF-4E2D-BE21-0993491070D2}.Release|x64.ActiveCfg = Release|x64
		{614B2ADF-F9AF-4E2D-BE21-0993491070D2}.Release|x64.Build.0 = Release|x64
		{614B2ADF-F9AF-4E2D-BE21-0993491070D2}.Release|x86.ActiveCfg = Release|Win32
		{614B2ADF-F9AF-4E2D-BE21-0993491070D2}.Release|x86.Build.0 = Release|Win32
		{0DCB2242-FE09-465F-98CE-E79409772D08}.Debug|x64.ActiveCfg = Debug|x64
		{0DCB2242-FE09-465F-98CE-E79409772D08}.Debug|x64.Build.0 = Debug|x64
		{0DCB2242-FE09-465F-98CE-E79409772D08}.Debug|x86.ActiveCfg = Debug|Win32
		{0DCB2242-FE09-465F-98CE-E79409772D08}.Debug|x86.Build.0 = Debug|Win32
		{0DCB2242-FE09-465F-98CE-E79409772D08}.Release|x64.ActiveCfg = Release|x64
		{0DCB2242-FE09-465F-98CE-E79409772D08}.Release|x64.Build.0 = Release|x64
		{0DCB2242-FE09-465F-98CE-E79409772D08}.Release|x86.ActiveCfg = Release|Win32
		{0DCB2242-FE09-465F-98CE-E79409772D08}.Release|x86.Build.0 = Release|Win32
		{EBC28994-FCF7-4305-BDE3-65ED7B20C7D6}.Debug|x64.ActiveCfg = Debug|x64
		{EBC28994-FCF7-4305-BDE3-65ED7B20C7D6}.Debug|x64.Build.0 = Debug|x64
		{EBC28994-FCF7-4305-BDE3-65ED7B20C7D6}.Debug|x86.ActiveCfg = Debug|Win32
		{EBC28994-FCF7-4305-BDE3-65ED7B20C7D6}.Debug|x86.Build.0 = Debug|Win32
		{EBC28994-FCF7-4305-BDE3-65ED7B20C7D6}.Release|x64.ActiveCfg = Release|x64
		{EBC28994-FCF7-4305-BDE3-65ED7B20C7D6}.Release|x64.Build.0 = Release|x64
		{EBC28994-FCF7-4305-BDE3-65ED7B20C7D6}.Release|x86.ActiveCfg = Release|Win32
		{EBC28994-FCF7-4305-BDE3-65ED7B20C7D6}.Release|x86.Build.0 = Release|Win32
		{3C3D74DB-8930-421C-93FE-A85EE9E17358}.Debug|x64.ActiveCfg = Debug|x64
		{3C3D74DB-8930-421C-93FE-A85EE9E17358}.Debug|x64.Build.0 = Debug|x64
		{3C3D74DB-8930-421C-93FE-A85EE9E17358}.Debug|x86.ActiveCfg = Debug|Win32
		{3C3D74DB-8930-421C-93FE-A85EE9E17358}.Debug|x86.Build.0 = Debug|Win32
		{3C3D74DB-8930-421C-93FE-A85EE9E17358}.Release|x64.ActiveCfg = Release|x64
		{3C3D74DB-8930-421C-93FE-A85EE9E17358}.Release|x64.Build.0 = Release|x64
		{3C3D74DB-8930-421C-93FE-A85EE9E17358}.Release|x86.ActiveCfg = Release|Win32
		{3C3D74DB-8930-421C-93FE-A85EE9E17358}.Release|x86.Build.0 = Release|Win32
		{C0684D2B-99A1-4D90-8F76-4DA64D557FCF}.Debug|x64.ActiveCfg = Debug|x64
		{C0684D2B-99A1-4D90-8F76-4DA64D557FCF}.Debug|x64.Build.0 = Debug|x64
		{C0684D2B-99A1-4D90-8F76-4DA64D557FCF}.Debug|x86.ActiveCfg = Debug|Win32
		{C0684D2B-99A1-4D90-8F76-4DA64D557FCF}.Debug|x86.Build.0 = Debug|Win32
		{C0684D2B-99A1-4D90-8F76-4DA64D557FCF}.Release|x64.ActiveCfg = Release|x64
		{C0684D2B-99A1-4D90-8F76-4DA64D557FCF}.Release|x64.Build.0 = Release|x64
		{C0684D2B-99A1-4D90-8F76-4DA64D557FCF}.Release|x86.ActiveCfg = Release|Win32
		{C0684D2B-99A1-4D90-8F76-4DA64D557FCF}.Release|x86.Build.0 = Release|Win32
		{EB50666A-5819-4CC5-B913-3999F307B14F}.Debug|x64.ActiveCfg = Debug|x64
		{EB50666A-5819-4CC5-B913-3999F307B14F}.Debug|x64.Build.0 = Debug|x64
		{EB50666A-5819-4CC5-B913-3999F307B14F}.Debug|x86.ActiveCfg = Debug|Win32
		{EB50666A-5819-4CC5-B913-3999F307B14F}.Debug|x86.Build.0 = Debug|Win32
		{EB50666A-5819-4CC5-B913-3999F307B14F}.Release|x64.ActiveCfg = Release|x64
		{EB50666A-5819-4CC5-B913-3999F307B14F}.Release|x64.Build.0 = Release|x64
		{EB50666A-5819-4CC5-B913-3999F307B14F}.Release|x86.ActiveCfg = Release|Win32
		{EB50666A-5819-4CC5-B913-3999F307B14F}.Release|x86.Build.0 = Release|Win32
		{8055FB72-CA46-48EF-8BF7-81EDACE60E11}.Debug|x64.ActiveCfg = Debug|x64
		{8055FB72-CA46-48EF-8BF7-81EDACE60E11}.Debug|x64.Build.0 = Debug|x64
		{8055FB72-CA46-48EF-8BF7-81EDACE60E11}.Debug|x86.ActiveCfg = Debug|Win32
		{8055FB72-CA46-48EF-8BF7-81EDACE60E11}.Debug|x86.Build.0 = Debug|Win32
		{8055FB72-CA46-48EF-8BF7-81EDACE60E11}.Release|x64.ActiveCfg = Release|x64
		{8055FB72-CA46-48EF-8BF7-81EDACE60E11}.Release|x64.Build.0 = Release|x64
		{8055FB72-CA46-48EF-8BF7-81EDACE60E11}.Release|x86.ActiveCfg = Release|Win32
		{8055FB72-CA46-48EF-8BF7-81EDACE60E11}.Release|x86.Build.0 = Release|Win32
		{B74CE90E-31BF-4733-8E1D-C2DFDC626E22}.Debug|x64.ActiveCfg = Debug|x64
		{B74CE90E-31BF-4733-8E1D-C2DFDC626E22}.Debug|x64.Build.0 = Debug|x64
		{B74CE90E-31BF-4733-8E1D-C2DFDC626E22}.Debug|x86.ActiveCfg = Debug|Win32
		{B74CE90E-31BF-4733-8E1D-C2DFDC626E22}.Debug|x86.Build.0 = Debug|Win32
		{B74CE90E-31BF-4733-8E1D-C2DFDC626E22}.Release|x64.ActiveCfg = Release|x64
		{B74CE90E-31BF-4733-8E1D-C2DFDC626E22}.Release|x64.Build.0 = Release|x64
		{B74CE90E-31BF-4733-8E1D-C2DFDC626E22}.Release|x86.ActiveCfg = Release|Win32
		{B74CE90E-31BF-4733-8E1D-C2DFDC626E22}.Release|x86.Build.0 = Release|Win32
	EndGlobalSection
	GlobalSection(SolutionProperties) = preSolution
		HideSolutionNode = FALSE
	EndGlobalSection
	GlobalSection(ExtensibilityGlobals) = postSolution
		SolutionGuid = {BA7F2E49-FA45-44E9-AB52-E4B90AD4A92C}
	EndGlobalSection
EndGlobal
